
Microsoft Visual Studio Solution File, Format Version 12.00
# Visual Studio 2013
VisualStudioVersion = 12.0.21005.1
MinimumVisualStudioVersion = 10.0.40219.1
Project("{FAE04EC0-301F-11D3-BF4B-00C04F79EFBC}") = "MCplusplus", "MCplusplus.csproj", "{DEDBDBE1-0357-4A97-B259-CBBF05234568}"
EndProject
Project("{FAE04EC0-301F-11D3-BF4B-00C04F79EFBC}") = "MClib", "..\MClib\MClib.csproj", "{D68F33F9-5F0F-4B99-A70B-80C31E6D8B4D}"
EndProject
Global
	GlobalSection(SolutionConfigurationPlatforms) = preSolution
		Debug|Any CPU = Debug|Any CPU
		Release|Any CPU = Release|Any CPU
	EndGlobalSection
	GlobalSection(ProjectConfigurationPlatforms) = postSolution
		{DEDBDBE1-0357-4A97-B259-CBBF05234568}.Debug|Any CPU.ActiveCfg = Debug|Any CPU
		{DEDBDBE1-0357-4A97-B259-CBBF05234568}.Debug|Any CPU.Build.0 = Debug|Any CPU
		{DEDBDBE1-0357-4A97-B259-CBBF05234568}.Release|Any CPU.ActiveCfg = Release|Any CPU
		{DEDBDBE1-0357-4A97-B259-CBBF05234568}.Release|Any CPU.Build.0 = Release|Any CPU
		{D68F33F9-5F0F-4B99-A70B-80C31E6D8B4D}.Debug|Any CPU.ActiveCfg = Debug|Any CPU
		{D68F33F9-5F0F-4B99-A70B-80C31E6D8B4D}.Debug|Any CPU.Build.0 = Debug|Any CPU
		{D68F33F9-5F0F-4B99-A70B-80C31E6D8B4D}.Release|Any CPU.ActiveCfg = Release|Any CPU
		{D68F33F9-5F0F-4B99-A70B-80C31E6D8B4D}.Release|Any CPU.Build.0 = Release|Any CPU
	EndGlobalSection
	GlobalSection(SolutionProperties) = preSolution
		HideSolutionNode = FALSE
	EndGlobalSection
EndGlobal
